
Microsoft Visual Studio Solution File, Format Version 12.00
# Visual Studio Version 16
VisualStudioVersion = 16.0.31424.327
MinimumVisualStudioVersion = 10.0.40219.1
Project("{FAE04EC0-301F-11D3-BF4B-00C04F79EFBC}") = "MISA.AMIS.API", "MISA.AMIS.API\MISA.AMIS.API.csproj", "{DB86AC4A-08B1-4E72-8FE9-5037189FE56C}"
EndProject
Project("{FAE04EC0-301F-11D3-BF4B-00C04F79EFBC}") = "MISA.Core", "MISA.Core\MISA.Core.csproj", "{6E2FCB28-D79B-48CD-ACC3-2DBF19BDBDAA}"
EndProject
Project("{FAE04EC0-301F-11D3-BF4B-00C04F79EFBC}") = "MISA.Infractructure", "MISA.Infractructure\MISA.Infractructure.csproj", "{EDE4E7F8-0CE3-4B42-8EBF-FFF0B625E1C2}"
EndProject
Global
	GlobalSection(SolutionConfigurationPlatforms) = preSolution
		Debug|Any CPU = Debug|Any CPU
		Release|Any CPU = Release|Any CPU
	EndGlobalSection
	GlobalSection(ProjectConfigurationPlatforms) = postSolution
		{DB86AC4A-08B1-4E72-8FE9-5037189FE56C}.Debug|Any CPU.ActiveCfg = Debug|Any CPU
		{DB86AC4A-08B1-4E72-8FE9-5037189FE56C}.Debug|Any CPU.Build.0 = Debug|Any CPU
		{DB86AC4A-08B1-4E72-8FE9-5037189FE56C}.Release|Any CPU.ActiveCfg = Release|Any CPU
		{DB86AC4A-08B1-4E72-8FE9-5037189FE56C}.Release|Any CPU.Build.0 = Release|Any CPU
		{6E2FCB28-D79B-48CD-ACC3-2DBF19BDBDAA}.Debug|Any CPU.ActiveCfg = Debug|Any CPU
		{6E2FCB28-D79B-48CD-ACC3-2DBF19BDBDAA}.Debug|Any CPU.Build.0 = Debug|Any CPU
		{6E2FCB28-D79B-48CD-ACC3-2DBF19BDBDAA}.Release|Any CPU.ActiveCfg = Release|Any CPU
		{6E2FCB28-D79B-48CD-ACC3-2DBF19BDBDAA}.Release|Any CPU.Build.0 = Release|Any CPU
		{EDE4E7F8-0CE3-4B42-8EBF-FFF0B625E1C2}.Debug|Any CPU.ActiveCfg = Debug|Any CPU
		{EDE4E7F8-0CE3-4B42-8EBF-FFF0B625E1C2}.Debug|Any CPU.Build.0 = Debug|Any CPU
		{EDE4E7F8-0CE3-4B42-8EBF-FFF0B625E1C2}.Release|Any CPU.ActiveCfg = Release|Any CPU
		{EDE4E7F8-0CE3-4B42-8EBF-FFF0B625E1C2}.Release|Any CPU.Build.0 = Release|Any CPU
	EndGlobalSection
	GlobalSection(SolutionProperties) = preSolution
		HideSolutionNode = FALSE
	EndGlobalSection
	GlobalSection(ExtensibilityGlobals) = postSolution
		SolutionGuid = {745F804E-DD62-4014-83FE-ADE1F5531C85}
	EndGlobalSection
EndGlobal
